
Microsoft Visual Studio Solution File, Format Version 12.00
# Visual Studio 15
VisualStudioVersion = 15.0.28307.757
MinimumVisualStudioVersion = 10.0.40219.1
Project("{FAE04EC0-301F-11D3-BF4B-00C04F79EFBC}") = "StockTracker", "StockTracker\StockTracker.csproj", "{1F8DBB6D-4751-4F84-A5B5-AFB7B74936FF}"
EndProject
Global
	GlobalSection(SolutionConfigurationPlatforms) = preSolution
		Debug|Any CPU = Debug|Any CPU
		Release|Any CPU = Release|Any CPU
	EndGlobalSection
	GlobalSection(ProjectConfigurationPlatforms) = postSolution
		{1F8DBB6D-4751-4F84-A5B5-AFB7B74936FF}.Debug|Any CPU.ActiveCfg = Debug|Any CPU
		{1F8DBB6D-4751-4F84-A5B5-AFB7B74936FF}.Debug|Any CPU.Build.0 = Debug|Any CPU
		{1F8DBB6D-4751-4F84-A5B5-AFB7B74936FF}.Release|Any CPU.ActiveCfg = Release|Any CPU
		{1F8DBB6D-4751-4F84-A5B5-AFB7B74936FF}.Release|Any CPU.Build.0 = Release|Any CPU
	EndGlobalSection
	GlobalSection(SolutionProperties) = preSolution
		HideSolutionNode = FALSE
	EndGlobalSection
	GlobalSection(ExtensibilityGlobals) = postSolution
		SolutionGuid = {8CD31EB1-9D5B-4A9F-A263-6F2FD56AB708}
	EndGlobalSection
EndGlobal
